
Microsoft Visual Studio Solution File, Format Version 11.00
# Visual Studio 2010
Project("{2150E333-8FDC-42A3-9474-1A3956D46DE8}") = ".nuget", ".nuget", "{4B76621C-D81A-42D7-9377-0096EBF2AA85}"
	ProjectSection(SolutionItems) = preProject
		.nuget\NuGet.Config = .nuget\NuGet.Config
		.nuget\NuGet.exe = .nuget\NuGet.exe
		.nuget\NuGet.targets = .nuget\NuGet.targets
	EndProjectSection
EndProject
Project("{FAE04EC0-301F-11D3-BF4B-00C04F79EFBC}") = "AsynchronousConsole", "AsynchronousConsole\AsynchronousConsole.csproj", "{8B1F570B-FAEE-4E2E-A3C9-956D32BF14C8}"
EndProject
Project("{FAE04EC0-301F-11D3-BF4B-00C04F79EFBC}") = "AsynchronousTools", "AsynchronousTools\AsynchronousTools.csproj", "{18CB262D-051D-4E3C-AEB9-653853D04D6A}"
EndProject
Project("{FAE04EC0-301F-11D3-BF4B-00C04F79EFBC}") = "AsynchronousInterfaces", "AsynchronousInterfaces\AsynchronousInterfaces.csproj", "{B7A4A654-7EDA-41DD-B6C3-818D4CF1026E}"
EndProject
Project("{2150E333-8FDC-42A3-9474-1A3956D46DE8}") = "Solution Items", "Solution Items", "{EB914A2A-0C47-4416-B994-1659A3A29E30}"
	ProjectSection(SolutionItems) = preProject
		AsynchronousDemo.vsmdi = AsynchronousDemo.vsmdi
		Local.testsettings = Local.testsettings
		README.md = README.md
		TraceAndTestImpact.testsettings = TraceAndTestImpact.testsettings
	EndProjectSection
EndProject
Project("{FAE04EC0-301F-11D3-BF4B-00C04F79EFBC}") = "AsynchronousTests", "AsynchronousTests\AsynchronousTests.csproj", "{0EB4F2ED-E589-4222-A45B-E77D00A6916C}"
EndProject
Project("{FAE04EC0-301F-11D3-BF4B-00C04F79EFBC}") = "AsynchronousThreadAPM", "AsynchronousThreadAPM\AsynchronousThreadAPM.csproj", "{ECBDDA5E-A29F-4C9A-86A6-374743577628}"
EndProject
Project("{FAE04EC0-301F-11D3-BF4B-00C04F79EFBC}") = "AsynchronousTPLDataFlow", "AsynchronousTPLDataFlow\AsynchronousTPLDataFlow.csproj", "{EFCBCAF6-7434-43E8-832A-F21198225FE0}"
EndProject
Project("{2150E333-8FDC-42A3-9474-1A3956D46DE8}") = "shared lib", "shared lib", "{187CC3AB-38A7-4B92-8AF5-58A2E40F1241}"
EndProject
Project("{2150E333-8FDC-42A3-9474-1A3956D46DE8}") = "TPLDataflow", "TPLDataflow", "{4392C2C5-9C10-410D-A5D6-5530F9DD65F5}"
	ProjectSection(SolutionItems) = preProject
		shared lib\TPLDataflow\System.Threading.Tasks.Dataflow.dll = shared lib\TPLDataflow\System.Threading.Tasks.Dataflow.dll
	EndProjectSection
EndProject
Project("{FAE04EC0-301F-11D3-BF4B-00C04F79EFBC}") = "AsynchronousMVCWebApplication", "AsynchronousMVCWebApplication\AsynchronousMVCWebApplication.csproj", "{B53F9EC8-A676-4547-8605-67332E0E2E0B}"
EndProject
Project("{FAE04EC0-301F-11D3-BF4B-00C04F79EFBC}") = "AsynchronousReactiveExtensions", "AsynchronousReactiveExtensions\AsynchronousReactiveExtensions.csproj", "{CCF93946-5495-45F6-B8EF-0065B4CDA980}"
EndProject
Project("{FAE04EC0-301F-11D3-BF4B-00C04F79EFBC}") = "AsynchronousPlayground", "AsynchronousPlayground\AsynchronousPlayground.csproj", "{B9AEA137-D407-4043-91A1-51995008DCE7}"
EndProject
Project("{FAE04EC0-301F-11D3-BF4B-00C04F79EFBC}") = "AsynchronousSyncronousStart", "AsynchronousSyncronousStart\AsynchronousSyncronousStart.csproj", "{F29D75F7-F2EE-4B1D-8481-606099B3230C}"
EndProject
Project("{2150E333-8FDC-42A3-9474-1A3956D46DE8}") = "samplefiles", "samplefiles", "{C938B712-BA9D-4317-AA39-2AB752FDAA6E}"
	ProjectSection(SolutionItems) = preProject
		samplefiles\largeAvatarlogfile.txt = samplefiles\largeAvatarlogfile.txt
		samplefiles\smallAvatarlogfile.txt = samplefiles\smallAvatarlogfile.txt
	EndProjectSection
EndProject
Project("{2150E333-8FDC-42A3-9474-1A3956D46DE8}") = "Samples", "Samples", "{A3BBDDB2-43D8-479B-BC14-02C9A9F460AE}"
EndProject
Project("{2150E333-8FDC-42A3-9474-1A3956D46DE8}") = "Utilities", "Utilities", "{F84F9115-C9EE-4DC5-AF81-2422DF6CE414}"
EndProject
Project("{2150E333-8FDC-42A3-9474-1A3956D46DE8}") = "Test", "Test", "{90D53DE5-920B-4020-86BC-EE0271D5E9C0}"
EndProject
Project("{FAE04EC0-301F-11D3-BF4B-00C04F79EFBC}") = "AsynchronousThreadEAP", "AsynchronousThreadEAP\AsynchronousThreadEAP.csproj", "{9E05F4C7-9560-418F-ABFA-F9B409548CDE}"
EndProject
Project("{FAE04EC0-301F-11D3-BF4B-00C04F79EFBC}") = "AsynchronousTasks", "AsynchronousTasks\AsynchronousTasks.csproj", "{6CB3131B-312A-44FA-8E2F-D3F8EB0A27FC}"
EndProject
Project("{FAE04EC0-301F-11D3-BF4B-00C04F79EFBC}") = "AsynchronousAsyncAwait", "AsynchronousAsyncAwait\AsynchronousAsyncAwait.csproj", "{DFAD611B-E54D-4D53-91F4-E2877025316D}"
EndProject
Project("{FAE04EC0-301F-11D3-BF4B-00C04F79EFBC}") = "AsynchronousPLinq", "AsynchronousPLinq\AsynchronousPLinq.csproj", "{84905AA0-6A5F-4D65-951E-091B1AFA5D15}"
EndProject
Project("{FAE04EC0-301F-11D3-BF4B-00C04F79EFBC}") = "AsynchronousSimpleSamples", "AsynchronousSimpleSamples\AsynchronousSimpleSamples.csproj", "{C415941C-5DE2-4997-B347-F9F1156765D5}"
EndProject
Global
	GlobalSection(TestCaseManagementSettings) = postSolution
		CategoryFile = AsynchronousDemo.vsmdi
	EndGlobalSection
	GlobalSection(SolutionConfigurationPlatforms) = preSolution
		Debug|Any CPU = Debug|Any CPU
		Debug|Mixed Platforms = Debug|Mixed Platforms
		Debug|x86 = Debug|x86
		Release|Any CPU = Release|Any CPU
		Release|Mixed Platforms = Release|Mixed Platforms
		Release|x86 = Release|x86
	EndGlobalSection
	GlobalSection(ProjectConfigurationPlatforms) = postSolution
		{8B1F570B-FAEE-4E2E-A3C9-956D32BF14C8}.Debug|Any CPU.ActiveCfg = Debug|x86
		{8B1F570B-FAEE-4E2E-A3C9-956D32BF14C8}.Debug|Mixed Platforms.ActiveCfg = Debug|x86
		{8B1F570B-FAEE-4E2E-A3C9-956D32BF14C8}.Debug|Mixed Platforms.Build.0 = Debug|x86
		{8B1F570B-FAEE-4E2E-A3C9-956D32BF14C8}.Debug|x86.ActiveCfg = Debug|x86
		{8B1F570B-FAEE-4E2E-A3C9-956D32BF14C8}.Debug|x86.Build.0 = Debug|x86
		{8B1F570B-FAEE-4E2E-A3C9-956D32BF14C8}.Release|Any CPU.ActiveCfg = Release|x86
		{8B1F570B-FAEE-4E2E-A3C9-956D32BF14C8}.Release|Mixed Platforms.ActiveCfg = Release|x86
		{8B1F570B-FAEE-4E2E-A3C9-956D32BF14C8}.Release|Mixed Platforms.Build.0 = Release|x86
		{8B1F570B-FAEE-4E2E-A3C9-956D32BF14C8}.Release|x86.ActiveCfg = Release|x86
		{8B1F570B-FAEE-4E2E-A3C9-956D32BF14C8}.Release|x86.Build.0 = Release|x86
		{18CB262D-051D-4E3C-AEB9-653853D04D6A}.Debug|Any CPU.ActiveCfg = Debug|Any CPU
		{18CB262D-051D-4E3C-AEB9-653853D04D6A}.Debug|Any CPU.Build.0 = Debug|Any CPU
		{18CB262D-051D-4E3C-AEB9-653853D04D6A}.Debug|Mixed Platforms.ActiveCfg = Debug|Any CPU
		{18CB262D-051D-4E3C-AEB9-653853D04D6A}.Debug|Mixed Platforms.Build.0 = Debug|Any CPU
		{18CB262D-051D-4E3C-AEB9-653853D04D6A}.Debug|x86.ActiveCfg = Debug|Any CPU
		{18CB262D-051D-4E3C-AEB9-653853D04D6A}.Release|Any CPU.ActiveCfg = Release|Any CPU
		{18CB262D-051D-4E3C-AEB9-653853D04D6A}.Release|Any CPU.Build.0 = Release|Any CPU
		{18CB262D-051D-4E3C-AEB9-653853D04D6A}.Release|Mixed Platforms.ActiveCfg = Release|Any CPU
		{18CB262D-051D-4E3C-AEB9-653853D04D6A}.Release|Mixed Platforms.Build.0 = Release|Any CPU
		{18CB262D-051D-4E3C-AEB9-653853D04D6A}.Release|x86.ActiveCfg = Release|Any CPU
		{B7A4A654-7EDA-41DD-B6C3-818D4CF1026E}.Debug|Any CPU.ActiveCfg = Debug|Any CPU
		{B7A4A654-7EDA-41DD-B6C3-818D4CF1026E}.Debug|Any CPU.Build.0 = Debug|Any CPU
		{B7A4A654-7EDA-41DD-B6C3-818D4CF1026E}.Debug|Mixed Platforms.ActiveCfg = Debug|Any CPU
		{B7A4A654-7EDA-41DD-B6C3-818D4CF1026E}.Debug|Mixed Platforms.Build.0 = Debug|Any CPU
		{B7A4A654-7EDA-41DD-B6C3-818D4CF1026E}.Debug|x86.ActiveCfg = Debug|Any CPU
		{B7A4A654-7EDA-41DD-B6C3-818D4CF1026E}.Release|Any CPU.ActiveCfg = Release|Any CPU
		{B7A4A654-7EDA-41DD-B6C3-818D4CF1026E}.Release|Any CPU.Build.0 = Release|Any CPU
		{B7A4A654-7EDA-41DD-B6C3-818D4CF1026E}.Release|Mixed Platforms.ActiveCfg = Release|Any CPU
		{B7A4A654-7EDA-41DD-B6C3-818D4CF1026E}.Release|Mixed Platforms.Build.0 = Release|Any CPU
		{B7A4A654-7EDA-41DD-B6C3-818D4CF1026E}.Release|x86.ActiveCfg = Release|Any CPU
		{0EB4F2ED-E589-4222-A45B-E77D00A6916C}.Debug|Any CPU.ActiveCfg = Debug|Any CPU
		{0EB4F2ED-E589-4222-A45B-E77D00A6916C}.Debug|Any CPU.Build.0 = Debug|Any CPU
		{0EB4F2ED-E589-4222-A45B-E77D00A6916C}.Debug|Mixed Platforms.ActiveCfg = Debug|Any CPU
		{0EB4F2ED-E589-4222-A45B-E77D00A6916C}.Debug|Mixed Platforms.Build.0 = Debug|Any CPU
		{0EB4F2ED-E589-4222-A45B-E77D00A6916C}.Debug|x86.ActiveCfg = Debug|Any CPU
		{0EB4F2ED-E589-4222-A45B-E77D00A6916C}.Release|Any CPU.ActiveCfg = Release|Any CPU
		{0EB4F2ED-E589-4222-A45B-E77D00A6916C}.Release|Any CPU.Build.0 = Release|Any CPU
		{0EB4F2ED-E589-4222-A45B-E77D00A6916C}.Release|Mixed Platforms.ActiveCfg = Release|Any CPU
		{0EB4F2ED-E589-4222-A45B-E77D00A6916C}.Release|Mixed Platforms.Build.0 = Release|Any CPU
		{0EB4F2ED-E589-4222-A45B-E77D00A6916C}.Release|x86.ActiveCfg = Release|Any CPU
		{ECBDDA5E-A29F-4C9A-86A6-374743577628}.Debug|Any CPU.ActiveCfg = Debug|Any CPU
		{ECBDDA5E-A29F-4C9A-86A6-374743577628}.Debug|Any CPU.Build.0 = Debug|Any CPU
		{ECBDDA5E-A29F-4C9A-86A6-374743577628}.Debug|Mixed Platforms.ActiveCfg = Debug|Any CPU
		{ECBDDA5E-A29F-4C9A-86A6-374743577628}.Debug|Mixed Platforms.Build.0 = Debug|Any CPU
		{ECBDDA5E-A29F-4C9A-86A6-374743577628}.Debug|x86.ActiveCfg = Debug|Any CPU
		{ECBDDA5E-A29F-4C9A-86A6-374743577628}.Release|Any CPU.ActiveCfg = Release|Any CPU
		{ECBDDA5E-A29F-4C9A-86A6-374743577628}.Release|Any CPU.Build.0 = Release|Any CPU
		{ECBDDA5E-A29F-4C9A-86A6-374743577628}.Release|Mixed Platforms.ActiveCfg = Release|Any CPU
		{ECBDDA5E-A29F-4C9A-86A6-374743577628}.Release|Mixed Platforms.Build.0 = Release|Any CPU
		{ECBDDA5E-A29F-4C9A-86A6-374743577628}.Release|x86.ActiveCfg = Release|Any CPU
		{EFCBCAF6-7434-43E8-832A-F21198225FE0}.Debug|Any CPU.ActiveCfg = Debug|Any CPU
		{EFCBCAF6-7434-43E8-832A-F21198225FE0}.Debug|Any CPU.Build.0 = Debug|Any CPU
		{EFCBCAF6-7434-43E8-832A-F21198225FE0}.Debug|Mixed Platforms.ActiveCfg = Debug|Any CPU
		{EFCBCAF6-7434-43E8-832A-F21198225FE0}.Debug|Mixed Platforms.Build.0 = Debug|Any CPU
		{EFCBCAF6-7434-43E8-832A-F21198225FE0}.Debug|x86.ActiveCfg = Debug|Any CPU
		{EFCBCAF6-7434-43E8-832A-F21198225FE0}.Release|Any CPU.ActiveCfg = Release|Any CPU
		{EFCBCAF6-7434-43E8-832A-F21198225FE0}.Release|Any CPU.Build.0 = Release|Any CPU
		{EFCBCAF6-7434-43E8-832A-F21198225FE0}.Release|Mixed Platforms.ActiveCfg = Release|Any CPU
		{EFCBCAF6-7434-43E8-832A-F21198225FE0}.Release|Mixed Platforms.Build.0 = Release|Any CPU
		{EFCBCAF6-7434-43E8-832A-F21198225FE0}.Release|x86.ActiveCfg = Release|Any CPU
		{B53F9EC8-A676-4547-8605-67332E0E2E0B}.Debug|Any CPU.ActiveCfg = Debug|Any CPU
		{B53F9EC8-A676-4547-8605-67332E0E2E0B}.Debug|Any CPU.Build.0 = Debug|Any CPU
		{B53F9EC8-A676-4547-8605-67332E0E2E0B}.Debug|Mixed Platforms.ActiveCfg = Debug|Any CPU
		{B53F9EC8-A676-4547-8605-67332E0E2E0B}.Debug|Mixed Platforms.Build.0 = Debug|Any CPU
		{B53F9EC8-A676-4547-8605-67332E0E2E0B}.Debug|x86.ActiveCfg = Debug|Any CPU
		{B53F9EC8-A676-4547-8605-67332E0E2E0B}.Release|Any CPU.ActiveCfg = Release|Any CPU
		{B53F9EC8-A676-4547-8605-67332E0E2E0B}.Release|Any CPU.Build.0 = Release|Any CPU
		{B53F9EC8-A676-4547-8605-67332E0E2E0B}.Release|Mixed Platforms.ActiveCfg = Release|Any CPU
		{B53F9EC8-A676-4547-8605-67332E0E2E0B}.Release|Mixed Platforms.Build.0 = Release|Any CPU
		{B53F9EC8-A676-4547-8605-67332E0E2E0B}.Release|x86.ActiveCfg = Release|Any CPU
		{CCF93946-5495-45F6-B8EF-0065B4CDA980}.Debug|Any CPU.ActiveCfg = Debug|Any CPU
		{CCF93946-5495-45F6-B8EF-0065B4CDA980}.Debug|Any CPU.Build.0 = Debug|Any CPU
		{CCF93946-5495-45F6-B8EF-0065B4CDA980}.Debug|Mixed Platforms.ActiveCfg = Debug|Any CPU
		{CCF93946-5495-45F6-B8EF-0065B4CDA980}.Debug|Mixed Platforms.Build.0 = Debug|Any CPU
		{CCF93946-5495-45F6-B8EF-0065B4CDA980}.Debug|x86.ActiveCfg = Debug|Any CPU
		{CCF93946-5495-45F6-B8EF-0065B4CDA980}.Release|Any CPU.ActiveCfg = Release|Any CPU
		{CCF93946-5495-45F6-B8EF-0065B4CDA980}.Release|Any CPU.Build.0 = Release|Any CPU
		{CCF93946-5495-45F6-B8EF-0065B4CDA980}.Release|Mixed Platforms.ActiveCfg = Release|Any CPU
		{CCF93946-5495-45F6-B8EF-0065B4CDA980}.Release|Mixed Platforms.Build.0 = Release|Any CPU
		{CCF93946-5495-45F6-B8EF-0065B4CDA980}.Release|x86.ActiveCfg = Release|Any CPU
		{B9AEA137-D407-4043-91A1-51995008DCE7}.Debug|Any CPU.ActiveCfg = Debug|Any CPU
		{B9AEA137-D407-4043-91A1-51995008DCE7}.Debug|Any CPU.Build.0 = Debug|Any CPU
		{B9AEA137-D407-4043-91A1-51995008DCE7}.Debug|Mixed Platforms.ActiveCfg = Debug|Any CPU
		{B9AEA137-D407-4043-91A1-51995008DCE7}.Debug|Mixed Platforms.Build.0 = Debug|Any CPU
		{B9AEA137-D407-4043-91A1-51995008DCE7}.Debug|x86.ActiveCfg = Debug|Any CPU
		{B9AEA137-D407-4043-91A1-51995008DCE7}.Release|Any CPU.ActiveCfg = Release|Any CPU
		{B9AEA137-D407-4043-91A1-51995008DCE7}.Release|Any CPU.Build.0 = Release|Any CPU
		{B9AEA137-D407-4043-91A1-51995008DCE7}.Release|Mixed Platforms.ActiveCfg = Release|Any CPU
		{B9AEA137-D407-4043-91A1-51995008DCE7}.Release|Mixed Platforms.Build.0 = Release|Any CPU
		{B9AEA137-D407-4043-91A1-51995008DCE7}.Release|x86.ActiveCfg = Release|Any CPU
		{F29D75F7-F2EE-4B1D-8481-606099B3230C}.Debug|Any CPU.ActiveCfg = Debug|Any CPU
		{F29D75F7-F2EE-4B1D-8481-606099B3230C}.Debug|Any CPU.Build.0 = Debug|Any CPU
		{F29D75F7-F2EE-4B1D-8481-606099B3230C}.Debug|Mixed Platforms.ActiveCfg = Debug|Any CPU
		{F29D75F7-F2EE-4B1D-8481-606099B3230C}.Debug|Mixed Platforms.Build.0 = Debug|Any CPU
		{F29D75F7-F2EE-4B1D-8481-606099B3230C}.Debug|x86.ActiveCfg = Debug|Any CPU
		{F29D75F7-F2EE-4B1D-8481-606099B3230C}.Release|Any CPU.ActiveCfg = Release|Any CPU
		{F29D75F7-F2EE-4B1D-8481-606099B3230C}.Release|Any CPU.Build.0 = Release|Any CPU
		{F29D75F7-F2EE-4B1D-8481-606099B3230C}.Release|Mixed Platforms.ActiveCfg = Release|Any CPU
		{F29D75F7-F2EE-4B1D-8481-606099B3230C}.Release|Mixed Platforms.Build.0 = Release|Any CPU
		{F29D75F7-F2EE-4B1D-8481-606099B3230C}.Release|x86.ActiveCfg = Release|Any CPU
		{9E05F4C7-9560-418F-ABFA-F9B409548CDE}.Debug|Any CPU.ActiveCfg = Debug|Any CPU
		{9E05F4C7-9560-418F-ABFA-F9B409548CDE}.Debug|Any CPU.Build.0 = Debug|Any CPU
		{9E05F4C7-9560-418F-ABFA-F9B409548CDE}.Debug|Mixed Platforms.ActiveCfg = Debug|Any CPU
		{9E05F4C7-9560-418F-ABFA-F9B409548CDE}.Debug|Mixed Platforms.Build.0 = Debug|Any CPU
		{9E05F4C7-9560-418F-ABFA-F9B409548CDE}.Debug|x86.ActiveCfg = Debug|Any CPU
		{9E05F4C7-9560-418F-ABFA-F9B409548CDE}.Release|Any CPU.ActiveCfg = Release|Any CPU
		{9E05F4C7-9560-418F-ABFA-F9B409548CDE}.Release|Any CPU.Build.0 = Release|Any CPU
		{9E05F4C7-9560-418F-ABFA-F9B409548CDE}.Release|Mixed Platforms.ActiveCfg = Release|Any CPU
		{9E05F4C7-9560-418F-ABFA-F9B409548CDE}.Release|Mixed Platforms.Build.0 = Release|Any CPU
		{9E05F4C7-9560-418F-ABFA-F9B409548CDE}.Release|x86.ActiveCfg = Release|Any CPU
		{6CB3131B-312A-44FA-8E2F-D3F8EB0A27FC}.Debug|Any CPU.ActiveCfg = Debug|Any CPU
		{6CB3131B-312A-44FA-8E2F-D3F8EB0A27FC}.Debug|Any CPU.Build.0 = Debug|Any CPU
		{6CB3131B-312A-44FA-8E2F-D3F8EB0A27FC}.Debug|Mixed Platforms.ActiveCfg = Debug|Any CPU
		{6CB3131B-312A-44FA-8E2F-D3F8EB0A27FC}.Debug|Mixed Platforms.Build.0 = Debug|Any CPU
		{6CB3131B-312A-44FA-8E2F-D3F8EB0A27FC}.Debug|x86.ActiveCfg = Debug|Any CPU
		{6CB3131B-312A-44FA-8E2F-D3F8EB0A27FC}.Release|Any CPU.ActiveCfg = Release|Any CPU
		{6CB3131B-312A-44FA-8E2F-D3F8EB0A27FC}.Release|Any CPU.Build.0 = Release|Any CPU
		{6CB3131B-312A-44FA-8E2F-D3F8EB0A27FC}.Release|Mixed Platforms.ActiveCfg = Release|Any CPU
		{6CB3131B-312A-44FA-8E2F-D3F8EB0A27FC}.Release|Mixed Platforms.Build.0 = Release|Any CPU
		{6CB3131B-312A-44FA-8E2F-D3F8EB0A27FC}.Release|x86.ActiveCfg = Release|Any CPU
		{DFAD611B-E54D-4D53-91F4-E2877025316D}.Debug|Any CPU.ActiveCfg = Debug|Any CPU
		{DFAD611B-E54D-4D53-91F4-E2877025316D}.Debug|Any CPU.Build.0 = Debug|Any CPU
		{DFAD611B-E54D-4D53-91F4-E2877025316D}.Debug|Mixed Platforms.ActiveCfg = Debug|Any CPU
		{DFAD611B-E54D-4D53-91F4-E2877025316D}.Debug|Mixed Platforms.Build.0 = Debug|Any CPU
		{DFAD611B-E54D-4D53-91F4-E2877025316D}.Debug|x86.ActiveCfg = Debug|Any CPU
		{DFAD611B-E54D-4D53-91F4-E2877025316D}.Release|Any CPU.ActiveCfg = Release|Any CPU
		{DFAD611B-E54D-4D53-91F4-E2877025316D}.Release|Any CPU.Build.0 = Release|Any CPU
		{DFAD611B-E54D-4D53-91F4-E2877025316D}.Release|Mixed Platforms.ActiveCfg = Release|Any CPU
		{DFAD611B-E54D-4D53-91F4-E2877025316D}.Release|Mixed Platforms.Build.0 = Release|Any CPU
		{DFAD611B-E54D-4D53-91F4-E2877025316D}.Release|x86.ActiveCfg = Release|Any CPU
		{84905AA0-6A5F-4D65-951E-091B1AFA5D15}.Debug|Any CPU.ActiveCfg = Debug|Any CPU
		{84905AA0-6A5F-4D65-951E-091B1AFA5D15}.Debug|Any CPU.Build.0 = Debug|Any CPU
		{84905AA0-6A5F-4D65-951E-091B1AFA5D15}.Debug|Mixed Platforms.ActiveCfg = Debug|Any CPU
		{84905AA0-6A5F-4D65-951E-091B1AFA5D15}.Debug|Mixed Platforms.Build.0 = Debug|Any CPU
		{84905AA0-6A5F-4D65-951E-091B1AFA5D15}.Debug|x86.ActiveCfg = Debug|Any CPU
		{84905AA0-6A5F-4D65-951E-091B1AFA5D15}.Release|Any CPU.ActiveCfg = Release|Any CPU
		{84905AA0-6A5F-4D65-951E-091B1AFA5D15}.Release|Any CPU.Build.0 = Release|Any CPU
		{84905AA0-6A5F-4D65-951E-091B1AFA5D15}.Release|Mixed Platforms.ActiveCfg = Release|Any CPU
		{84905AA0-6A5F-4D65-951E-091B1AFA5D15}.Release|Mixed Platforms.Build.0 = Release|Any CPU
		{84905AA0-6A5F-4D65-951E-091B1AFA5D15}.Release|x86.ActiveCfg = Release|Any CPU
		{C415941C-5DE2-4997-B347-F9F1156765D5}.Debug|Any CPU.ActiveCfg = Debug|Any CPU
		{C415941C-5DE2-4997-B347-F9F1156765D5}.Debug|Any CPU.Build.0 = Debug|Any CPU
		{C415941C-5DE2-4997-B347-F9F1156765D5}.Debug|Mixed Platforms.ActiveCfg = Debug|Any CPU
		{C415941C-5DE2-4997-B347-F9F1156765D5}.Debug|Mixed Platforms.Build.0 = Debug|Any CPU
		{C415941C-5DE2-4997-B347-F9F1156765D5}.Debug|x86.ActiveCfg = Debug|Any CPU
		{C415941C-5DE2-4997-B347-F9F1156765D5}.Release|Any CPU.ActiveCfg = Release|Any CPU
		{C415941C-5DE2-4997-B347-F9F1156765D5}.Release|Any CPU.Build.0 = Release|Any CPU
		{C415941C-5DE2-4997-B347-F9F1156765D5}.Release|Mixed Platforms.ActiveCfg = Release|Any CPU
		{C415941C-5DE2-4997-B347-F9F1156765D5}.Release|Mixed Platforms.Build.0 = Release|Any CPU
		{C415941C-5DE2-4997-B347-F9F1156765D5}.Release|x86.ActiveCfg = Release|Any CPU
	EndGlobalSection
	GlobalSection(SolutionProperties) = preSolution
		HideSolutionNode = FALSE
	EndGlobalSection
	GlobalSection(NestedProjects) = preSolution
		{18CB262D-051D-4E3C-AEB9-653853D04D6A} = {F84F9115-C9EE-4DC5-AF81-2422DF6CE414}
		{ECBDDA5E-A29F-4C9A-86A6-374743577628} = {A3BBDDB2-43D8-479B-BC14-02C9A9F460AE}
		{EFCBCAF6-7434-43E8-832A-F21198225FE0} = {A3BBDDB2-43D8-479B-BC14-02C9A9F460AE}
		{B53F9EC8-A676-4547-8605-67332E0E2E0B} = {A3BBDDB2-43D8-479B-BC14-02C9A9F460AE}
		{CCF93946-5495-45F6-B8EF-0065B4CDA980} = {A3BBDDB2-43D8-479B-BC14-02C9A9F460AE}
		{B9AEA137-D407-4043-91A1-51995008DCE7} = {A3BBDDB2-43D8-479B-BC14-02C9A9F460AE}
		{F29D75F7-F2EE-4B1D-8481-606099B3230C} = {A3BBDDB2-43D8-479B-BC14-02C9A9F460AE}
		{B7A4A654-7EDA-41DD-B6C3-818D4CF1026E} = {A3BBDDB2-43D8-479B-BC14-02C9A9F460AE}
		{9E05F4C7-9560-418F-ABFA-F9B409548CDE} = {A3BBDDB2-43D8-479B-BC14-02C9A9F460AE}
		{6CB3131B-312A-44FA-8E2F-D3F8EB0A27FC} = {A3BBDDB2-43D8-479B-BC14-02C9A9F460AE}
		{DFAD611B-E54D-4D53-91F4-E2877025316D} = {A3BBDDB2-43D8-479B-BC14-02C9A9F460AE}
		{84905AA0-6A5F-4D65-951E-091B1AFA5D15} = {A3BBDDB2-43D8-479B-BC14-02C9A9F460AE}
		{0EB4F2ED-E589-4222-A45B-E77D00A6916C} = {90D53DE5-920B-4020-86BC-EE0271D5E9C0}
		{4392C2C5-9C10-410D-A5D6-5530F9DD65F5} = {187CC3AB-38A7-4B92-8AF5-58A2E40F1241}
	EndGlobalSection
EndGlobal
